
Microsoft Visual Studio Solution File, Format Version 12.00
# Visual Studio Version 17
VisualStudioVersion = 17.1.32407.343
MinimumVisualStudioVersion = 10.0.40219.1
Project("{9A19103F-16F7-4668-BE54-9A1E7A4F7556}") = "WebApi", "WebApi\WebApi.csproj", "{FA724871-313C-44B3-B4A8-04C77D13F87C}"
EndProject
Global
	GlobalSection(SolutionConfigurationPlatforms) = preSolution
		Debug|Any CPU = Debug|Any CPU
		Release|Any CPU = Release|Any CPU
	EndGlobalSection
	GlobalSection(ProjectConfigurationPlatforms) = postSolution
		{FA724871-313C-44B3-B4A8-04C77D13F87C}.Debug|Any CPU.ActiveCfg = Debug|Any CPU
		{FA724871-313C-44B3-B4A8-04C77D13F87C}.Debug|Any CPU.Build.0 = Debug|Any CPU
		{FA724871-313C-44B3-B4A8-04C77D13F87C}.Release|Any CPU.ActiveCfg = Release|Any CPU
		{FA724871-313C-44B3-B4A8-04C77D13F87C}.Release|Any CPU.Build.0 = Release|Any CPU
	EndGlobalSection
	GlobalSection(SolutionProperties) = preSolution
		HideSolutionNode = FALSE
	EndGlobalSection
	GlobalSection(ExtensibilityGlobals) = postSolution
		SolutionGuid = {A9DBFF09-9E62-46CF-8CB4-54EB574DC025}
	EndGlobalSection
EndGlobal
